// !$*UTF8*$!
{
	archiveVersion = 1;
	classes = {
	};
	objectVersion = 50;
	objects = {

/* Begin PBXBuildFile section */
		D7487E8727005CB40091DEA4 /* AppDelegate.swift in Sources */ = {isa = PBXBuildFile; fileRef = D7487E8627005CB40091DEA4 /* AppDelegate.swift */; };
		D7487E8927005CB40091DEA4 /* SceneDelegate.swift in Sources */ = {isa = PBXBuildFile; fileRef = D7487E8827005CB40091DEA4 /* SceneDelegate.swift */; };
		D7487E8B27005CB40091DEA4 /* ViewController.swift in Sources */ = {isa = PBXBuildFile; fileRef = D7487E8A27005CB40091DEA4 /* ViewController.swift */; };
		D7487E8E27005CB40091DEA4 /* Main.storyboard in Resources */ = {isa = PBXBuildFile; fileRef = D7487E8C27005CB40091DEA4 /* Main.storyboard */; };
		D7487E9027005CE40091DEA4 /* Assets.xcassets in Resources */ = {isa = PBXBuildFile; fileRef = D7487E8F27005CE40091DEA4 /* Assets.xcassets */; };
		D7487E9327005CE40091DEA4 /* LaunchScreen.storyboard in Resources */ = {isa = PBXBuildFile; fileRef = D7487E9127005CE40091DEA4 /* LaunchScreen.storyboard */; };
		D7487E9E27005CE60091DEA4 /* firstappTests.swift in Sources */ = {isa = PBXBuildFile; fileRef = D7487E9D27005CE60091DEA4 /* firstappTests.swift */; };
		D7487EA927005CE60091DEA4 /* firstappUITests.swift in Sources */ = {isa = PBXBuildFile; fileRef = D7487EA827005CE60091DEA4 /* firstappUITests.swift */; };
		D7487EBA270079840091DEA4 /* HelloViewController.storyboard in Resources */ = {isa = PBXBuildFile; fileRef = D7487EB9270079840091DEA4 /* HelloViewController.storyboard */; };
		D7487EBC27007E1E0091DEA4 /* HelloViewController.swift in Sources */ = {isa = PBXBuildFile; fileRef = D7487EBB27007E1E0091DEA4 /* HelloViewController.swift */; };
/* End PBXBuildFile section */

/* Begin PBXContainerItemProxy section */
		D7487E9A27005CE60091DEA4 /* PBXContainerItemProxy */ = {
			isa = PBXContainerItemProxy;
			containerPortal = D7487E7B27005CB40091DEA4 /* Project object */;
			proxyType = 1;
			remoteGlobalIDString = D7487E8227005CB40091DEA4;
			remoteInfo = firstapp;
		};
		D7487EA527005CE60091DEA4 /* PBXContainerItemProxy */ = {
			isa = PBXContainerItemProxy;
			containerPortal = D7487E7B27005CB40091DEA4 /* Project object */;
			proxyType = 1;
			remoteGlobalIDString = D7487E8227005CB40091DEA4;
			remoteInfo = firstapp;
		};
/* End PBXContainerItemProxy section */

/* Begin PBXFileReference section */
		D7487E8327005CB40091DEA4 /* firstapp.app */ = {isa = PBXFileReference; explicitFileType = wrapper.application; includeInIndex = 0; path = firstapp.app; sourceTree = BUILT_PRODUCTS_DIR; };
		D7487E8627005CB40091DEA4 /* AppDelegate.swift */ = {isa = PBXFileReference; lastKnownFileType = sourcecode.swift; path = AppDelegate.swift; sourceTree = "<group>"; };
		D7487E8827005CB40091DEA4 /* SceneDelegate.swift */ = {isa = PBXFileReference; lastKnownFileType = sourcecode.swift; path = SceneDelegate.swift; sourceTree = "<group>"; };
		D7487E8A27005CB40091DEA4 /* ViewController.swift */ = {isa = PBXFileReference; lastKnownFileType = sourcecode.swift; path = ViewController.swift; sourceTree = "<group>"; };
		D7487E8D27005CB40091DEA4 /* Base */ = {isa = PBXFileReference; lastKnownFileType = file.storyboard; name = Base; path = Base.lproj/Main.storyboard; sourceTree = "<group>"; };
		D7487E8F27005CE40091DEA4 /* Assets.xcassets */ = {isa = PBXFileReference; lastKnownFileType = folder.assetcatalog; path = Assets.xcassets; sourceTree = "<group>"; };
		D7487E9227005CE40091DEA4 /* Base */ = {isa = PBXFileReference; lastKnownFileType = file.storyboard; name = Base; path = Base.lproj/LaunchScreen.storyboard; sourceTree = "<group>"; };
		D7487E9427005CE40091DEA4 /* Info.plist */ = {isa = PBXFileReference; lastKnownFileType = text.plist.xml; path = Info.plist; sourceTree = "<group>"; };
		D7487E9927005CE60091DEA4 /* firstappTests.xctest */ = {isa = PBXFileReference; explicitFileType = wrapper.cfbundle; includeInIndex = 0; path = firstappTests.xctest; sourceTree = BUILT_PRODUCTS_DIR; };
		D7487E9D27005CE60091DEA4 /* firstappTests.swift */ = {isa = PBXFileReference; lastKnownFileType = sourcecode.swift; path = firstappTests.swift; sourceTree = "<group>"; };
		D7487E9F27005CE60091DEA4 /* Info.plist */ = {isa = PBXFileReference; lastKnownFileType = text.plist.xml; path = Info.plist; sourceTree = "<group>"; };
		D7487EA427005CE60091DEA4 /* firstappUITests.xctest */ = {isa = PBXFileReference; explicitFileType = wrapper.cfbundle; includeInIndex = 0; path = firstappUITests.xctest; sourceTree = BUILT_PRODUCTS_DIR; };
		D7487EA827005CE60091DEA4 /* firstappUITests.swift */ = {isa = PBXFileReference; lastKnownFileType = sourcecode.swift; path = firstappUITests.swift; sourceTree = "<group>"; };
		D7487EAA27005CE60091DEA4 /* Info.plist */ = {isa = PBXFileReference; lastKnownFileType = text.plist.xml; path = Info.plist; sourceTree = "<group>"; };
		D7487EB9270079840091DEA4 /* HelloViewController.storyboard */ = {isa = PBXFileReference; lastKnownFileType = file.storyboard; path = HelloViewController.storyboard; sourceTree = "<group>"; };
		D7487EBB27007E1E0091DEA4 /* HelloViewController.swift */ = {isa = PBXFileReference; lastKnownFileType = sourcecode.swift; path = HelloViewController.swift; sourceTree = "<group>"; };
/* End PBXFileReference section */

/* Begin PBXFrameworksBuildPhase section */
		D7487E8027005CB40091DEA4 /* Frameworks */ = {
			isa = PBXFrameworksBuildPhase;
			buildActionMask = 2147483647;
			files = (
			);
			runOnlyForDeploymentPostprocessing = 0;
		};
		D7487E9627005CE60091DEA4 /* Frameworks */ = {
			isa = PBXFrameworksBuildPhase;
			buildActionMask = 2147483647;
			files = (
			);
			runOnlyForDeploymentPostprocessing = 0;
		};
		D7487EA127005CE60091DEA4 /* Frameworks */ = {
			isa = PBXFrameworksBuildPhase;
			buildActionMask = 2147483647;
			files = (
			);
			runOnlyForDeploymentPostprocessing = 0;
		};
/* End PBXFrameworksBuildPhase section */

/* Begin PBXGroup section */
		D7487E7A27005CB40091DEA4 = {
			isa = PBXGroup;
			children = (
				D7487E8527005CB40091DEA4 /* firstapp */,
				D7487E9C27005CE60091DEA4 /* firstappTests */,
				D7487EA727005CE60091DEA4 /* firstappUITests */,
				D7487E8427005CB40091DEA4 /* Products */,
			);
			sourceTree = "<group>";
		};
		D7487E8427005CB40091DEA4 /* Products */ = {
			isa = PBXGroup;
			children = (
				D7487E8327005CB40091DEA4 /* firstapp.app */,
				D7487E9927005CE60091DEA4 /* firstappTests.xctest */,
				D7487EA427005CE60091DEA4 /* firstappUITests.xctest */,
			);
			name = Products;
			sourceTree = "<group>";
		};
		D7487E8527005CB40091DEA4 /* firstapp */ = {
			isa = PBXGroup;
			children = (
				D7487E9427005CE40091DEA4 /* Info.plist */,
				D7487EB82700773C0091DEA4 /* Supporting Files */,
				D7487EB7270077230091DEA4 /* controller */,
				D7487EB6270077170091DEA4 /* view */,
			);
			path = firstapp;
			sourceTree = "<group>";
		};
		D7487E9C27005CE60091DEA4 /* firstappTests */ = {
			isa = PBXGroup;
			children = (
				D7487E9D27005CE60091DEA4 /* firstappTests.swift */,
				D7487E9F27005CE60091DEA4 /* Info.plist */,
			);
			path = firstappTests;
			sourceTree = "<group>";
		};
		D7487EA727005CE60091DEA4 /* firstappUITests */ = {
			isa = PBXGroup;
			children = (
				D7487EA827005CE60091DEA4 /* firstappUITests.swift */,
				D7487EAA27005CE60091DEA4 /* Info.plist */,
			);
			path = firstappUITests;
			sourceTree = "<group>";
		};
		D7487EB6270077170091DEA4 /* view */ = {
			isa = PBXGroup;
			children = (
				D7487E8C27005CB40091DEA4 /* Main.storyboard */,
				D7487E9127005CE40091DEA4 /* LaunchScreen.storyboard */,
				D7487EB9270079840091DEA4 /* HelloViewController.storyboard */,
			);
			path = view;
			sourceTree = "<group>";
		};
		D7487EB7270077230091DEA4 /* controller */ = {
			isa = PBXGroup;
			children = (
				D7487E8A27005CB40091DEA4 /* ViewController.swift */,
				D7487EBB27007E1E0091DEA4 /* HelloViewController.swift */,
			);
			path = controller;
			sourceTree = "<group>";
		};
		D7487EB82700773C0091DEA4 /* Supporting Files */ = {
			isa = PBXGroup;
			children = (
				D7487E8827005CB40091DEA4 /* SceneDelegate.swift */,
				D7487E8F27005CE40091DEA4 /* Assets.xcassets */,
				D7487E8627005CB40091DEA4 /* AppDelegate.swift */,
			);
			path = "Supporting Files";
			sourceTree = "<group>";
		};
/* End PBXGroup section */

/* Begin PBXNativeTarget section */
		D7487E8227005CB40091DEA4 /* firstapp */ = {
			isa = PBXNativeTarget;
			buildConfigurationList = D7487EAD27005CE60091DEA4 /* Build configuration list for PBXNativeTarget "firstapp" */;
			buildPhases = (
				D7487E7F27005CB40091DEA4 /* Sources */,
				D7487E8027005CB40091DEA4 /* Frameworks */,
				D7487E8127005CB40091DEA4 /* Resources */,
			);
			buildRules = (
			);
			dependencies = (
			);
			name = firstapp;
			productName = firstapp;
			productReference = D7487E8327005CB40091DEA4 /* firstapp.app */;
			productType = "com.apple.product-type.application";
		};
		D7487E9827005CE60091DEA4 /* firstappTests */ = {
			isa = PBXNativeTarget;
			buildConfigurationList = D7487EB027005CE60091DEA4 /* Build configuration list for PBXNativeTarget "firstappTests" */;
			buildPhases = (
				D7487E9527005CE60091DEA4 /* Sources */,
				D7487E9627005CE60091DEA4 /* Frameworks */,
				D7487E9727005CE60091DEA4 /* Resources */,
			);
			buildRules = (
			);
			dependencies = (
				D7487E9B27005CE60091DEA4 /* PBXTargetDependency */,
			);
			name = firstappTests;
			productName = firstappTests;
			productReference = D7487E9927005CE60091DEA4 /* firstappTests.xctest */;
			productType = "com.apple.product-type.bundle.unit-test";
		};
		D7487EA327005CE60091DEA4 /* firstappUITests */ = {
			isa = PBXNativeTarget;
			buildConfigurationList = D7487EB327005CE60091DEA4 /* Build configuration list for PBXNativeTarget "firstappUITests" */;
			buildPhases = (
				D7487EA027005CE60091DEA4 /* Sources */,
				D7487EA127005CE60091DEA4 /* Frameworks */,
				D7487EA227005CE60091DEA4 /* Resources */,
			);
			buildRules = (
			);
			dependencies = (
				D7487EA627005CE60091DEA4 /* PBXTargetDependency */,
			);
			name = firstappUITests;
			productName = firstappUITests;
			productReference = D7487EA427005CE60091DEA4 /* firstappUITests.xctest */;
			productType = "com.apple.product-type.bundle.ui-testing";
		};
/* End PBXNativeTarget section */

/* Begin PBXProject section */
		D7487E7B27005CB40091DEA4 /* Project object */ = {
			isa = PBXProject;
			attributes = {
				LastSwiftUpdateCheck = 1130;
				LastUpgradeCheck = 1130;
				ORGANIZATIONNAME = Dev;
				TargetAttributes = {
					D7487E8227005CB40091DEA4 = {
						CreatedOnToolsVersion = 11.3.1;
					};
					D7487E9827005CE60091DEA4 = {
						CreatedOnToolsVersion = 11.3.1;
						TestTargetID = D7487E8227005CB40091DEA4;
					};
					D7487EA327005CE60091DEA4 = {
						CreatedOnToolsVersion = 11.3.1;
						TestTargetID = D7487E8227005CB40091DEA4;
					};
				};
			};
			buildConfigurationList = D7487E7E27005CB40091DEA4 /* Build configuration list for PBXProject "firstapp" */;
			compatibilityVersion = "Xcode 9.3";
			developmentRegion = en;
			hasScannedForEncodings = 0;
			knownRegions = (
				en,
				Base,
			);
			mainGroup = D7487E7A27005CB40091DEA4;
			productRefGroup = D7487E8427005CB40091DEA4 /* Products */;
			projectDirPath = "";
			projectRoot = "";
			targets = (
				D7487E8227005CB40091DEA4 /* firstapp */,
				D7487E9827005CE60091DEA4 /* firstappTests */,
				D7487EA327005CE60091DEA4 /* firstappUITests */,
			);
		};
/* End PBXProject section */

/* Begin PBXResourcesBuildPhase section */
		D7487E8127005CB40091DEA4 /* Resources */ = {
			isa = PBXResourcesBuildPhase;
			buildActionMask = 2147483647;
			files = (
				D7487EBA270079840091DEA4 /* HelloViewController.storyboard in Resources */,
				D7487E9327005CE40091DEA4 /* LaunchScreen.storyboard in Resources */,
				D7487E9027005CE40091DEA4 /* Assets.xcassets in Resources */,
				D7487E8E27005CB40091DEA4 /* Main.storyboard in Resources */,
			);
			runOnlyForDeploymentPostprocessing = 0;
		};
		D7487E9727005CE60091DEA4 /* Resources */ = {
			isa = PBXResourcesBuildPhase;
			buildActionMask = 2147483647;
			files = (
			);
			runOnlyForDeploymentPostprocessing = 0;
		};
		D7487EA227005CE60091DEA4 /* Resources */ = {
			isa = PBXResourcesBuildPhase;
			buildActionMask = 2147483647;
			files = (
			);
			runOnlyForDeploymentPostprocessing = 0;
		};
/* End PBXResourcesBuildPhase section */

/* Begin PBXSourcesBuildPhase section */
		D7487E7F27005CB40091DEA4 /* Sources */ = {
			isa = PBXSourcesBuildPhase;
			buildActionMask = 2147483647;
			files = (
				D7487E8B27005CB40091DEA4 /* ViewController.swift in Sources */,
				D7487E8727005CB40091DEA4 /* AppDelegate.swift in Sources */,
				D7487E8927005CB40091DEA4 /* SceneDelegate.swift in Sources */,
				D7487EBC27007E1E0091DEA4 /* HelloViewController.swift in Sources */,
			);
			runOnlyForDeploymentPostprocessing = 0;
		};
		D7487E9527005CE60091DEA4 /* Sources */ = {
			isa = PBXSourcesBuildPhase;
			buildActionMask = 2147483647;
			files = (
				D7487E9E27005CE60091DEA4 /* firstappTests.swift in Sources */,
			);
			runOnlyForDeploymentPostprocessing = 0;
		};
		D7487EA027005CE60091DEA4 /* Sources */ = {
			isa = PBXSourcesBuildPhase;
			buildActionMask = 2147483647;
			files = (
				D7487EA927005CE60091DEA4 /* firstappUITests.swift in Sources */,
			);
			runOnlyForDeploymentPostprocessing = 0;
		};
/* End PBXSourcesBuildPhase section */

/* Begin PBXTargetDependency section */
		D7487E9B27005CE60091DEA4 /* PBXTargetDependency */ = {
			isa = PBXTargetDependency;
			target = D7487E8227005CB40091DEA4 /* firstapp */;
			targetProxy = D7487E9A27005CE60091DEA4 /* PBXContainerItemProxy */;
		};
		D7487EA627005CE60091DEA4 /* PBXTargetDependency */ = {
			isa = PBXTargetDependency;
			target = D7487E8227005CB40091DEA4 /* firstapp */;
			targetProxy = D7487EA527005CE60091DEA4 /* PBXContainerItemProxy */;
		};
/* End PBXTargetDependency section */

/* Begin PBXVariantGroup section */
		D7487E8C27005CB40091DEA4 /* Main.storyboard */ = {
			isa = PBXVariantGroup;
			children = (
				D7487E8D27005CB40091DEA4 /* Base */,
			);
			name = Main.storyboard;
			sourceTree = "<group>";
		};
		D7487E9127005CE40091DEA4 /* LaunchScreen.storyboard */ = {
			isa = PBXVariantGroup;
			children = (
				D7487E9227005CE40091DEA4 /* Base */,
			);
			name = LaunchScreen.storyboard;
			sourceTree = "<group>";
		};
/* End PBXVariantGroup section */

/* Begin XCBuildConfiguration section */
		D7487EAB27005CE60091DEA4 /* Debug */ = {
			isa = XCBuildConfiguration;
			buildSettings = {
				ALWAYS_SEARCH_USER_PATHS = NO;
				CLANG_ANALYZER_NONNULL = YES;
				CLANG_ANALYZER_NUMBER_OBJECT_CONVERSION = YES_AGGRESSIVE;
				CLANG_CXX_LANGUAGE_STANDARD = "gnu++14";
				CLANG_CXX_LIBRARY = "libc++";
				CLANG_ENABLE_MODULES = YES;
				CLANG_ENABLE_OBJC_ARC = YES;
				CLANG_ENABLE_OBJC_WEAK = YES;
				CLANG_WARN_BLOCK_CAPTURE_AUTORELEASING = YES;
				CLANG_WARN_BOOL_CONVERSION = YES;
				CLANG_WARN_COMMA = YES;
				CLANG_WARN_CONSTANT_CONVERSION = YES;
				CLANG_WARN_DEPRECATED_OBJC_IMPLEMENTATIONS = YES;
				CLANG_WARN_DIRECT_OBJC_ISA_USAGE = YES_ERROR;
				CLANG_WARN_DOCUMENTATION_COMMENTS = YES;
				CLANG_WARN_EMPTY_BODY = YES;
				CLANG_WARN_ENUM_CONVERSION = YES;
				CLANG_WARN_INFINITE_RECURSION = YES;
				CLANG_WARN_INT_CONVERSION = YES;
				CLANG_WARN_NON_LITERAL_NULL_CONVERSION = YES;
				CLANG_WARN_OBJC_IMPLICIT_RETAIN_SELF = YES;
				CLANG_WARN_OBJC_LITERAL_CONVERSION = YES;
				CLANG_WARN_OBJC_ROOT_CLASS = YES_ERROR;
				CLANG_WARN_RANGE_LOOP_ANALYSIS = YES;
				CLANG_WARN_STRICT_PROTOTYPES = YES;
				CLANG_WARN_SUSPICIOUS_MOVE = YES;
				CLANG_WARN_UNGUARDED_AVAILABILITY = YES_AGGRESSIVE;
				CLANG_WARN_UNREACHABLE_CODE = YES;
				CLANG_WARN__DUPLICATE_METHOD_MATCH = YES;
				COPY_PHASE_STRIP = NO;
				DEBUG_INFORMATION_FORMAT = dwarf;
				ENABLE_STRICT_OBJC_MSGSEND = YES;
				ENABLE_TESTABILITY = YES;
				GCC_C_LANGUAGE_STANDARD = gnu11;
				GCC_DYNAMIC_NO_PIC = NO;
				GCC_NO_COMMON_BLOCKS = YES;
				GCC_OPTIMIZATION_LEVEL = 0;
				GCC_PREPROCESSOR_DEFINITIONS = (
					"DEBUG=1",
					"$(inherited)",
				);
				GCC_WARN_64_TO_32_BIT_CONVERSION = YES;
				GCC_WARN_ABOUT_RETURN_TYPE = YES_ERROR;
				GCC_WARN_UNDECLARED_SELECTOR = YES;
				GCC_WARN_UNINITIALIZED_AUTOS = YES_AGGRESSIVE;
				GCC_WARN_UNUSED_FUNCTION = YES;
				GCC_WARN_UNUSED_VARIABLE = YES;
				IPHONEOS_DEPLOYMENT_TARGET = 13.2;
				MTL_ENABLE_DEBUG_INFO = INCLUDE_SOURCE;
				MTL_FAST_MATH = YES;
				ONLY_ACTIVE_ARCH = YES;
				SDKROOT = iphoneos;
				SWIFT_ACTIVE_COMPILATION_CONDITIONS = DEBUG;
				SWIFT_OPTIMIZATION_LEVEL = "-Onone";
			};
			name = Debug;
		};
		D7487EAC27005CE60091DEA4 /* Release */ = {
			isa = XCBuildConfiguration;
			buildSettings = {
				ALWAYS_SEARCH_USER_PATHS = NO;
				CLANG_ANALYZER_NONNULL = YES;
				CLANG_ANALYZER_NUMBER_OBJECT_CONVERSION = YES_AGGRESSIVE;
				CLANG_CXX_LANGUAGE_STANDARD = "gnu++14";
				CLANG_CXX_LIBRARY = "libc++";
				CLANG_ENABLE_MODULES = YES;
				CLANG_ENABLE_OBJC_ARC = YES;
				CLANG_ENABLE_OBJC_WEAK = YES;
				CLANG_WARN_BLOCK_CAPTURE_AUTORELEASING = YES;
				CLANG_WARN_BOOL_CONVERSION = YES;
				CLANG_WARN_COMMA = YES;
				CLANG_WARN_CONSTANT_CONVERSION = YES;
				CLANG_WARN_DEPRECATED_OBJC_IMPLEMENTATIONS = YES;
				CLANG_WARN_DIRECT_OBJC_ISA_USAGE = YES_ERROR;
				CLANG_WARN_DOCUMENTATION_COMMENTS = YES;
				CLANG_WARN_EMPTY_BODY = YES;
				CLANG_WARN_ENUM_CONVERSION = YES;
				CLANG_WARN_INFINITE_RECURSION = YES;
				CLANG_WARN_INT_CONVERSION = YES;
				CLANG_WARN_NON_LITERAL_NULL_CONVERSION = YES;
				CLANG_WARN_OBJC_IMPLICIT_RETAIN_SELF = YES;
				CLANG_WARN_OBJC_LITERAL_CONVERSION = YES;
				CLANG_WARN_OBJC_ROOT_CLASS = YES_ERROR;
				CLANG_WARN_RANGE_LOOP_ANALYSIS = YES;
				CLANG_WARN_STRICT_PROTOTYPES = YES;
				CLANG_WARN_SUSPICIOUS_MOVE = YES;
				CLANG_WARN_UNGUARDED_AVAILABILITY = YES_AGGRESSIVE;
				CLANG_WARN_UNREACHABLE_CODE = YES;
				CLANG_WARN__DUPLICATE_METHOD_MATCH = YES;
				COPY_PHASE_STRIP = NO;
				DEBUG_INFORMATION_FORMAT = "dwarf-with-dsym";
				ENABLE_NS_ASSERTIONS = NO;
				ENABLE_STRICT_OBJC_MSGSEND = YES;
				GCC_C_LANGUAGE_STANDARD = gnu11;
				GCC_NO_COMMON_BLOCKS = YES;
				GCC_WARN_64_TO_32_BIT_CONVERSION = YES;
				GCC_WARN_ABOUT_RETURN_TYPE = YES_ERROR;
				GCC_WARN_UNDECLARED_SELECTOR = YES;
				GCC_WARN_UNINITIALIZED_AUTOS = YES_AGGRESSIVE;
				GCC_WARN_UNUSED_FUNCTION = YES;
				GCC_WARN_UNUSED_VARIABLE = YES;
				IPHONEOS_DEPLOYMENT_TARGET = 13.2;
				MTL_ENABLE_DEBUG_INFO = NO;
				MTL_FAST_MATH = YES;
				SDKROOT = iphoneos;
				SWIFT_COMPILATION_MODE = wholemodule;
				SWIFT_OPTIMIZATION_LEVEL = "-O";
				VALIDATE_PRODUCT = YES;
			};
			name = Release;
		};
		D7487EAE27005CE60091DEA4 /* Debug */ = {
			isa = XCBuildConfiguration;
			buildSettings = {
				ASSETCATALOG_COMPILER_APPICON_NAME = AppIcon;
				CODE_SIGN_STYLE = Automatic;
				INFOPLIST_FILE = firstapp/Info.plist;
				LD_RUNPATH_SEARCH_PATHS = (
					"$(inherited)",
					"@executable_path/Frameworks",
				);
				PRODUCT_BUNDLE_IDENTIFIER = com.dev.firstapp;
				PRODUCT_NAME = "$(TARGET_NAME)";
				SWIFT_VERSION = 5.0;
				TARGETED_DEVICE_FAMILY = "1,2";
			};
			name = Debug;
		};
		D7487EAF27005CE60091DEA4 /* Release */ = {
			isa = XCBuildConfiguration;
			buildSettings = {
				ASSETCATALOG_COMPILER_APPICON_NAME = AppIcon;
				CODE_SIGN_STYLE = Automatic;
				INFOPLIST_FILE = firstapp/Info.plist;
				LD_RUNPATH_SEARCH_PATHS = (
					"$(inherited)",
					"@executable_path/Frameworks",
				);
				PRODUCT_BUNDLE_IDENTIFIER = com.dev.firstapp;
				PRODUCT_NAME = "$(TARGET_NAME)";
				SWIFT_VERSION = 5.0;
				TARGETED_DEVICE_FAMILY = "1,2";
			};
			name = Release;
		};
		D7487EB127005CE60091DEA4 /* Debug */ = {
			isa = XCBuildConfiguration;
			buildSettings = {
				ALWAYS_EMBED_SWIFT_STANDARD_LIBRARIES = YES;
				BUNDLE_LOADER = "$(TEST_HOST)";
				CODE_SIGN_STYLE = Automatic;
				INFOPLIST_FILE = firstappTests/Info.plist;
				IPHONEOS_DEPLOYMENT_TARGET = 13.2;
				LD_RUNPATH_SEARCH_PATHS = (
					"$(inherited)",
					"@executable_path/Frameworks",
					"@loader_path/Frameworks",
				);
				PRODUCT_BUNDLE_IDENTIFIER = com.dev.firstappTests;
				PRODUCT_NAME = "$(TARGET_NAME)";
				SWIFT_VERSION = 5.0;
				TARGETED_DEVICE_FAMILY = "1,2";
				TEST_HOST = "$(BUILT_PRODUCTS_DIR)/firstapp.app/firstapp";
			};
			name = Debug;
		};
		D7487EB227005CE60091DEA4 /* Release */ = {
			isa = XCBuildConfiguration;
			buildSettings = {
				ALWAYS_EMBED_SWIFT_STANDARD_LIBRARIES = YES;
				BUNDLE_LOADER = "$(TEST_HOST)";
				CODE_SIGN_STYLE = Automatic;
				INFOPLIST_FILE = firstappTests/Info.plist;
				IPHONEOS_DEPLOYMENT_TARGET = 13.2;
				LD_RUNPATH_SEARCH_PATHS = (
					"$(inherited)",
					"@executable_path/Frameworks",
					"@loader_path/Frameworks",
				);
				PRODUCT_BUNDLE_IDENTIFIER = com.dev.firstappTests;
				PRODUCT_NAME = "$(TARGET_NAME)";
				SWIFT_VERSION = 5.0;
				TARGETED_DEVICE_FAMILY = "1,2";
				TEST_HOST = "$(BUILT_PRODUCTS_DIR)/firstapp.app/firstapp";
			};
			name = Release;
		};
		D7487EB427005CE60091DEA4 /* Debug */ = {
			isa = XCBuildConfiguration;
			buildSettings = {
				ALWAYS_EMBED_SWIFT_STANDARD_LIBRARIES = YES;
				CODE_SIGN_STYLE = Automatic;
				INFOPLIST_FILE = firstappUITests/Info.plist;
				LD_RUNPATH_SEARCH_PATHS = (
					"$(inherited)",
					"@executable_path/Frameworks",
					"@loader_path/Frameworks",
				);
				PRODUCT_BUNDLE_IDENTIFIER = com.dev.firstappUITests;
				PRODUCT_NAME = "$(TARGET_NAME)";
				SWIFT_VERSION = 5.0;
				TARGETED_DEVICE_FAMILY = "1,2";
				TEST_TARGET_NAME = firstapp;
			};
			name = Debug;
		};
		D7487EB527005CE60091DEA4 /* Release */ = {
			isa = XCBuildConfiguration;
			buildSettings = {
				ALWAYS_EMBED_SWIFT_STANDARD_LIBRARIES = YES;
				CODE_SIGN_STYLE = Automatic;
				INFOPLIST_FILE = firstappUITests/Info.plist;
				LD_RUNPATH_SEARCH_PATHS = (
					"$(inherited)",
					"@executable_path/Frameworks",
					"@loader_path/Frameworks",
				);
				PRODUCT_BUNDLE_IDENTIFIER = com.dev.firstappUITests;
				PRODUCT_NAME = "$(TARGET_NAME)";
				SWIFT_VERSION = 5.0;
				TARGETED_DEVICE_FAMILY = "1,2";
				TEST_TARGET_NAME = firstapp;
			};
			name = Release;
		};
/* End XCBuildConfiguration section */

/* Begin XCConfigurationList section */
		D7487E7E27005CB40091DEA4 /* Build configuration list for PBXProject "firstapp" */ = {
			isa = XCConfigurationList;
			buildConfigurations = (
				D7487EAB27005CE60091DEA4 /* Debug */,
				D7487EAC27005CE60091DEA4 /* Release */,
			);
			defaultConfigurationIsVisible = 0;
			defaultConfigurationName = Release;
		};
		D7487EAD27005CE60091DEA4 /* Build configuration list for PBXNativeTarget "firstapp" */ = {
			isa = XCConfigurationList;
			buildConfigurations = (
				D7487EAE27005CE60091DEA4 /* Debug */,
				D7487EAF27005CE60091DEA4 /* Release */,
			);
			defaultConfigurationIsVisible = 0;
			defaultConfigurationName = Release;
		};
		D7487EB027005CE60091DEA4 /* Build configuration list for PBXNativeTarget "firstappTests" */ = {
			isa = XCConfigurationList;
			buildConfigurations = (
				D7487EB127005CE60091DEA4 /* Debug */,
				D7487EB227005CE60091DEA4 /* Release */,
			);
			defaultConfigurationIsVisible = 0;
			defaultConfigurationName = Release;
		};
		D7487EB327005CE60091DEA4 /* Build configuration list for PBXNativeTarget "firstappUITests" */ = {
			isa = XCConfigurationList;
			buildConfigurations = (
				D7487EB427005CE60091DEA4 /* Debug */,
				D7487EB527005CE60091DEA4 /* Release */,
			);
			defaultConfigurationIsVisible = 0;
			defaultConfigurationName = Release;
		};
/* End XCConfigurationList section */
	};
	rootObject = D7487E7B27005CB40091DEA4 /* Project object */;
}
